
Microsoft Visual Studio Solution File, Format Version 12.00
# Visual Studio Version 16
VisualStudioVersion = 16.0.31019.35
MinimumVisualStudioVersion = 10.0.40219.1
Project("{FAE04EC0-301F-11D3-BF4B-00C04F79EFBC}") = "BoolPgia", "BoolPgia\BoolPgia.csproj", "{44051A18-18D7-4E8A-8D4A-1D18A2A94739}"
EndProject
Global
	GlobalSection(SolutionConfigurationPlatforms) = preSolution
		Debug|Any CPU = Debug|Any CPU
		Release|Any CPU = Release|Any CPU
	EndGlobalSection
	GlobalSection(ProjectConfigurationPlatforms) = postSolution
		{44051A18-18D7-4E8A-8D4A-1D18A2A94739}.Debug|Any CPU.ActiveCfg = Debug|Any CPU
		{44051A18-18D7-4E8A-8D4A-1D18A2A94739}.Debug|Any CPU.Build.0 = Debug|Any CPU
		{44051A18-18D7-4E8A-8D4A-1D18A2A94739}.Release|Any CPU.ActiveCfg = Release|Any CPU
		{44051A18-18D7-4E8A-8D4A-1D18A2A94739}.Release|Any CPU.Build.0 = Release|Any CPU
	EndGlobalSection
	GlobalSection(SolutionProperties) = preSolution
		HideSolutionNode = FALSE
	EndGlobalSection
	GlobalSection(ExtensibilityGlobals) = postSolution
		SolutionGuid = {E5D21034-B862-451D-A743-F31EBC8542C4}
	EndGlobalSection
EndGlobal
